
Microsoft Visual Studio Solution File, Format Version 12.00
# Visual Studio Version 17
VisualStudioVersion = 17.7.34003.232
MinimumVisualStudioVersion = 10.0.40219.1
Project("{FAE04EC0-301F-11D3-BF4B-00C04F79EFBC}") = "IB_2324_CS_Collections", "IB_2324_CS_Collections\IB_2324_CS_Collections.csproj", "{39E9EE5B-0B4E-4A65-B320-ABDDB0ACE886}"
EndProject
Global
	GlobalSection(SolutionConfigurationPlatforms) = preSolution
		Debug|Any CPU = Debug|Any CPU
		Release|Any CPU = Release|Any CPU
	EndGlobalSection
	GlobalSection(ProjectConfigurationPlatforms) = postSolution
		{39E9EE5B-0B4E-4A65-B320-ABDDB0ACE886}.Debug|Any CPU.ActiveCfg = Debug|Any CPU
		{39E9EE5B-0B4E-4A65-B320-ABDDB0ACE886}.Debug|Any CPU.Build.0 = Debug|Any CPU
		{39E9EE5B-0B4E-4A65-B320-ABDDB0ACE886}.Release|Any CPU.ActiveCfg = Release|Any CPU
		{39E9EE5B-0B4E-4A65-B320-ABDDB0ACE886}.Release|Any CPU.Build.0 = Release|Any CPU
	EndGlobalSection
	GlobalSection(SolutionProperties) = preSolution
		HideSolutionNode = FALSE
	EndGlobalSection
	GlobalSection(ExtensibilityGlobals) = postSolution
		SolutionGuid = {3FF9437A-EBB6-4EDE-AF5A-E12D3320DAAC}
	EndGlobalSection
EndGlobal
